
Microsoft Visual Studio Solution File, Format Version 12.00
# Visual Studio 15
VisualStudioVersion = 15.0.27004.2002
MinimumVisualStudioVersion = 10.0.40219.1
Project("{FAE04EC0-301F-11D3-BF4B-00C04F79EFBC}") = "AprioriAlgorithm", "AprioriAlgorithm\AprioriAlgorithm.csproj", "{5224A852-3B36-4BC8-926F-95F57C988B3D}"
EndProject
Global
	GlobalSection(SolutionConfigurationPlatforms) = preSolution
		Debug|Any CPU = Debug|Any CPU
		Release|Any CPU = Release|Any CPU
	EndGlobalSection
	GlobalSection(ProjectConfigurationPlatforms) = postSolution
		{5224A852-3B36-4BC8-926F-95F57C988B3D}.Debug|Any CPU.ActiveCfg = Debug|Any CPU
		{5224A852-3B36-4BC8-926F-95F57C988B3D}.Debug|Any CPU.Build.0 = Debug|Any CPU
		{5224A852-3B36-4BC8-926F-95F57C988B3D}.Release|Any CPU.ActiveCfg = Release|Any CPU
		{5224A852-3B36-4BC8-926F-95F57C988B3D}.Release|Any CPU.Build.0 = Release|Any CPU
	EndGlobalSection
	GlobalSection(SolutionProperties) = preSolution
		HideSolutionNode = FALSE
	EndGlobalSection
	GlobalSection(ExtensibilityGlobals) = postSolution
		SolutionGuid = {713596AD-0AA3-42FD-9961-32F9DD3C4E4B}
	EndGlobalSection
EndGlobal
